
Microsoft Visual Studio Solution File, Format Version 12.00
Project("{FAE04EC0-301F-11D3-BF4B-00C04F79EFBC}") = "WPFVersion", "WPFVersion\WPFVersion.csproj", "{ED37E765-2DBF-41C4-BC84-B19E4FB44D90}"
EndProject
Project("{FAE04EC0-301F-11D3-BF4B-00C04F79EFBC}") = "XamarinVersion", "XamarinVersion\XamarinVersion\XamarinVersion.csproj", "{08A8E8BB-2F29-44AB-979C-F4A70FF04EB9}"
EndProject
Project("{FAE04EC0-301F-11D3-BF4B-00C04F79EFBC}") = "XamarinVersion.Droid", "XamarinVersion\XamarinVersion.Droid\XamarinVersion.Droid.csproj", "{8890A4D2-7BBE-4121-B66A-16B1276744AB}"
EndProject
Project("{FAE04EC0-301F-11D3-BF4B-00C04F79EFBC}") = "XamarinVersion.iOS", "XamarinVersion\XamarinVersion.iOS\XamarinVersion.iOS.csproj", "{20552348-5998-4497-873A-CE291C9A2817}"
EndProject
Project("{2150E333-8FDC-42A3-9474-1A3956D46DE8}") = "Xamarin", "Xamarin", "{96A72A1D-E8F7-40DE-84FF-E5C0C2006BA3}"
EndProject
Global
	GlobalSection(SolutionConfigurationPlatforms) = preSolution
		Debug|Any CPU = Debug|Any CPU
		Release|Any CPU = Release|Any CPU
	EndGlobalSection
	GlobalSection(ProjectConfigurationPlatforms) = postSolution
		{ED37E765-2DBF-41C4-BC84-B19E4FB44D90}.Debug|Any CPU.ActiveCfg = Debug|Any CPU
		{ED37E765-2DBF-41C4-BC84-B19E4FB44D90}.Debug|Any CPU.Build.0 = Debug|Any CPU
		{ED37E765-2DBF-41C4-BC84-B19E4FB44D90}.Release|Any CPU.ActiveCfg = Release|Any CPU
		{ED37E765-2DBF-41C4-BC84-B19E4FB44D90}.Release|Any CPU.Build.0 = Release|Any CPU
		{08A8E8BB-2F29-44AB-979C-F4A70FF04EB9}.Debug|Any CPU.ActiveCfg = Debug|Any CPU
		{08A8E8BB-2F29-44AB-979C-F4A70FF04EB9}.Debug|Any CPU.Build.0 = Debug|Any CPU
		{08A8E8BB-2F29-44AB-979C-F4A70FF04EB9}.Release|Any CPU.ActiveCfg = Release|Any CPU
		{08A8E8BB-2F29-44AB-979C-F4A70FF04EB9}.Release|Any CPU.Build.0 = Release|Any CPU
		{8890A4D2-7BBE-4121-B66A-16B1276744AB}.Debug|Any CPU.ActiveCfg = Debug|Any CPU
		{8890A4D2-7BBE-4121-B66A-16B1276744AB}.Debug|Any CPU.Build.0 = Debug|Any CPU
		{8890A4D2-7BBE-4121-B66A-16B1276744AB}.Release|Any CPU.ActiveCfg = Release|Any CPU
		{8890A4D2-7BBE-4121-B66A-16B1276744AB}.Release|Any CPU.Build.0 = Release|Any CPU
		{20552348-5998-4497-873A-CE291C9A2817}.Debug|Any CPU.ActiveCfg = Debug|iPhoneSimulator
		{20552348-5998-4497-873A-CE291C9A2817}.Debug|Any CPU.Build.0 = Debug|iPhoneSimulator
		{20552348-5998-4497-873A-CE291C9A2817}.Release|Any CPU.ActiveCfg = Release|iPhoneSimulator
		{20552348-5998-4497-873A-CE291C9A2817}.Release|Any CPU.Build.0 = Release|iPhoneSimulator
	EndGlobalSection
	GlobalSection(NestedProjects) = preSolution
		{08A8E8BB-2F29-44AB-979C-F4A70FF04EB9} = {96A72A1D-E8F7-40DE-84FF-E5C0C2006BA3}
		{8890A4D2-7BBE-4121-B66A-16B1276744AB} = {96A72A1D-E8F7-40DE-84FF-E5C0C2006BA3}
		{20552348-5998-4497-873A-CE291C9A2817} = {96A72A1D-E8F7-40DE-84FF-E5C0C2006BA3}
	EndGlobalSection
EndGlobal
